
Microsoft Visual Studio Solution File, Format Version 12.00
# Visual Studio Version 17
VisualStudioVersion = 17.3.32922.545
MinimumVisualStudioVersion = 10.0.40219.1
Project("{FAE04EC0-301F-11D3-BF4B-00C04F79EFBC}") = "Curso3", "Curso3\Curso3.csproj", "{23D32857-939E-47B5-81D0-BC1BAE1C2814}"
EndProject
Global
	GlobalSection(SolutionConfigurationPlatforms) = preSolution
		Debug|Any CPU = Debug|Any CPU
		Release|Any CPU = Release|Any CPU
	EndGlobalSection
	GlobalSection(ProjectConfigurationPlatforms) = postSolution
		{23D32857-939E-47B5-81D0-BC1BAE1C2814}.Debug|Any CPU.ActiveCfg = Debug|Any CPU
		{23D32857-939E-47B5-81D0-BC1BAE1C2814}.Debug|Any CPU.Build.0 = Debug|Any CPU
		{23D32857-939E-47B5-81D0-BC1BAE1C2814}.Release|Any CPU.ActiveCfg = Release|Any CPU
		{23D32857-939E-47B5-81D0-BC1BAE1C2814}.Release|Any CPU.Build.0 = Release|Any CPU
	EndGlobalSection
	GlobalSection(SolutionProperties) = preSolution
		HideSolutionNode = FALSE
	EndGlobalSection
	GlobalSection(ExtensibilityGlobals) = postSolution
		SolutionGuid = {144D6AE4-8BE9-43B6-B604-19A6C6816A09}
	EndGlobalSection
EndGlobal
